
Microsoft Visual Studio Solution File, Format Version 12.00
# Visual Studio Version 17
VisualStudioVersion = 17.0.32112.339
MinimumVisualStudioVersion = 10.0.40219.1
Project("{FAE04EC0-301F-11D3-BF4B-00C04F79EFBC}") = "Move to Lavender", "Move to Lavender.csproj", "{23C1A68A-8FBC-490F-97B7-2FDBAE1458A3}"
EndProject
Project("{54435603-DBB4-11D2-8724-00A0C9A8B90C}") = "Move to Lavender Setup", "..\Move to Lavender Setup\Move to Lavender Setup.vdproj", "{954F2314-E439-40CC-AE88-FD40421CCBBA}"
EndProject
Global
	GlobalSection(SolutionConfigurationPlatforms) = preSolution
		Debug|Any CPU = Debug|Any CPU
		Release|Any CPU = Release|Any CPU
	EndGlobalSection
	GlobalSection(ProjectConfigurationPlatforms) = postSolution
		{23C1A68A-8FBC-490F-97B7-2FDBAE1458A3}.Debug|Any CPU.ActiveCfg = Debug|Any CPU
		{23C1A68A-8FBC-490F-97B7-2FDBAE1458A3}.Debug|Any CPU.Build.0 = Debug|Any CPU
		{23C1A68A-8FBC-490F-97B7-2FDBAE1458A3}.Release|Any CPU.ActiveCfg = Release|Any CPU
		{23C1A68A-8FBC-490F-97B7-2FDBAE1458A3}.Release|Any CPU.Build.0 = Release|Any CPU
		{954F2314-E439-40CC-AE88-FD40421CCBBA}.Debug|Any CPU.ActiveCfg = Debug
		{954F2314-E439-40CC-AE88-FD40421CCBBA}.Release|Any CPU.ActiveCfg = Release
	EndGlobalSection
	GlobalSection(SolutionProperties) = preSolution
		HideSolutionNode = FALSE
	EndGlobalSection
	GlobalSection(ExtensibilityGlobals) = postSolution
		SolutionGuid = {37D1CB78-6BBE-49F6-BC61-A6004AA8B68D}
	EndGlobalSection
EndGlobal
